
Microsoft Visual Studio Solution File, Format Version 12.00
# Visual Studio 14
VisualStudioVersion = 14.0.24720.0
MinimumVisualStudioVersion = 10.0.40219.1
Project("{8BC9CEB8-8B4A-11D0-8D11-00A0C91BC942}") = "Osero", "Osero\Osero.vcxproj", "{C2E7E103-6746-4785-98FD-F436D875DADE}"
EndProject
Project("{8BC9CEB8-8B4A-11D0-8D11-00A0C91BC942}") = "OseloSystem", "OseloSystem\OseloSystem.vcxproj", "{96E60D0D-3D06-4754-AAF9-39A1BB3BA44D}"
EndProject
Project("{8BC9CEB8-8B4A-11D0-8D11-00A0C91BC942}") = "QLearning", "..\..\MachineLearning\ReinforcementLearning\QLearning\QLearning\QLearning.vcxproj", "{635DC790-5464-485C-B398-84CC0A659B3E}"
EndProject
Project("{8BC9CEB8-8B4A-11D0-8D11-00A0C91BC942}") = "StringPlus", "..\..\MyLib\LibraryMaker\StringPlus\StringPlus.vcxproj", "{BC16F3F0-61BB-4341-B87C-421A6191536E}"
EndProject
Global
	GlobalSection(SolutionConfigurationPlatforms) = preSolution
		Debug|x64 = Debug|x64
		Debug|x86 = Debug|x86
		Release|x64 = Release|x64
		Release|x86 = Release|x86
	EndGlobalSection
	GlobalSection(ProjectConfigurationPlatforms) = postSolution
		{C2E7E103-6746-4785-98FD-F436D875DADE}.Debug|x64.ActiveCfg = Debug|x64
		{C2E7E103-6746-4785-98FD-F436D875DADE}.Debug|x64.Build.0 = Debug|x64
		{C2E7E103-6746-4785-98FD-F436D875DADE}.Debug|x86.ActiveCfg = Debug|Win32
		{C2E7E103-6746-4785-98FD-F436D875DADE}.Debug|x86.Build.0 = Debug|Win32
		{C2E7E103-6746-4785-98FD-F436D875DADE}.Release|x64.ActiveCfg = Release|x64
		{C2E7E103-6746-4785-98FD-F436D875DADE}.Release|x64.Build.0 = Release|x64
		{C2E7E103-6746-4785-98FD-F436D875DADE}.Release|x86.ActiveCfg = Release|Win32
		{C2E7E103-6746-4785-98FD-F436D875DADE}.Release|x86.Build.0 = Release|Win32
		{96E60D0D-3D06-4754-AAF9-39A1BB3BA44D}.Debug|x64.ActiveCfg = Debug|x64
		{96E60D0D-3D06-4754-AAF9-39A1BB3BA44D}.Debug|x64.Build.0 = Debug|x64
		{96E60D0D-3D06-4754-AAF9-39A1BB3BA44D}.Debug|x86.ActiveCfg = Debug|Win32
		{96E60D0D-3D06-4754-AAF9-39A1BB3BA44D}.Debug|x86.Build.0 = Debug|Win32
		{96E60D0D-3D06-4754-AAF9-39A1BB3BA44D}.Release|x64.ActiveCfg = Release|x64
		{96E60D0D-3D06-4754-AAF9-39A1BB3BA44D}.Release|x64.Build.0 = Release|x64
		{96E60D0D-3D06-4754-AAF9-39A1BB3BA44D}.Release|x86.ActiveCfg = Release|Win32
		{96E60D0D-3D06-4754-AAF9-39A1BB3BA44D}.Release|x86.Build.0 = Release|Win32
		{635DC790-5464-485C-B398-84CC0A659B3E}.Debug|x64.ActiveCfg = Debug|x64
		{635DC790-5464-485C-B398-84CC0A659B3E}.Debug|x64.Build.0 = Debug|x64
		{635DC790-5464-485C-B398-84CC0A659B3E}.Debug|x86.ActiveCfg = Debug|Win32
		{635DC790-5464-485C-B398-84CC0A659B3E}.Debug|x86.Build.0 = Debug|Win32
		{635DC790-5464-485C-B398-84CC0A659B3E}.Release|x64.ActiveCfg = Release|x64
		{635DC790-5464-485C-B398-84CC0A659B3E}.Release|x64.Build.0 = Release|x64
		{635DC790-5464-485C-B398-84CC0A659B3E}.Release|x86.ActiveCfg = Release|Win32
		{635DC790-5464-485C-B398-84CC0A659B3E}.Release|x86.Build.0 = Release|Win32
		{BC16F3F0-61BB-4341-B87C-421A6191536E}.Debug|x64.ActiveCfg = Debug|x64
		{BC16F3F0-61BB-4341-B87C-421A6191536E}.Debug|x64.Build.0 = Debug|x64
		{BC16F3F0-61BB-4341-B87C-421A6191536E}.Debug|x86.ActiveCfg = Debug|Win32
		{BC16F3F0-61BB-4341-B87C-421A6191536E}.Debug|x86.Build.0 = Debug|Win32
		{BC16F3F0-61BB-4341-B87C-421A6191536E}.Release|x64.ActiveCfg = Release|x64
		{BC16F3F0-61BB-4341-B87C-421A6191536E}.Release|x64.Build.0 = Release|x64
		{BC16F3F0-61BB-4341-B87C-421A6191536E}.Release|x86.ActiveCfg = Release|Win32
		{BC16F3F0-61BB-4341-B87C-421A6191536E}.Release|x86.Build.0 = Release|Win32
	EndGlobalSection
	GlobalSection(SolutionProperties) = preSolution
		HideSolutionNode = FALSE
	EndGlobalSection
EndGlobal
