<?xml version="1.0" encoding="utf-8"?>
<Project ToolsVersion="4.0" xmlns="http://schemas.microsoft.com/developer/msbuild/2003">
  <ItemGroup>
    <Filter Include="ソース ファイル">
      <UniqueIdentifier>{4FC737F1-C7A5-4376-A066-2A32D752A2FF}</UniqueIdentifier>
      <Extensions>cpp;c;cc;cxx;def;odl;idl;hpj;bat;asm;asmx</Extensions>
    </Filter>
    <Filter Include="ヘッダー ファイル">
      <UniqueIdentifier>{93995380-89BD-4b04-88EB-625FBE52EBFB}</UniqueIdentifier>
      <Extensions>h;hh;hpp;hxx;hm;inl;inc;xsd</Extensions>
    </Filter>
    <Filter Include="リソース ファイル">
      <UniqueIdentifier>{67DA6AB6-F800-4c08-8B7A-83BB121AAD01}</UniqueIdentifier>
      <Extensions>rc;ico;cur;bmp;dlg;rc2;rct;bin;rgs;gif;jpg;jpeg;jpe;resx;tiff;tif;png;wav;mfcribbon-ms</Extensions>
    </Filter>
    <Filter Include="画像">
      <UniqueIdentifier>{f10839f7-d24b-458b-981e-4b363cb7a38e}</UniqueIdentifier>
    </Filter>
    <Filter Include="オブジェクト">
      <UniqueIdentifier>{013e4202-cb33-4d0d-8da0-2c2957044f78}</UniqueIdentifier>
    </Filter>
    <Filter Include="オブジェクト\BaseObject">
      <UniqueIdentifier>{94e3a717-9cb3-423d-a392-7b8c164803a4}</UniqueIdentifier>
    </Filter>
    <Filter Include="オブジェクト\Object">
      <UniqueIdentifier>{157f92eb-9d9c-44d6-9e75-6a1441f28ed9}</UniqueIdentifier>
    </Filter>
    <Filter Include="オブジェクト\MGR">
      <UniqueIdentifier>{08f072d4-1c14-4310-b89b-932c689df794}</UniqueIdentifier>
    </Filter>
    <Filter Include="オブジェクト\オセロ">
      <UniqueIdentifier>{89ac2daa-014f-4e69-8bce-73f7b6dc01d4}</UniqueIdentifier>
    </Filter>
    <Filter Include="オブジェクト\オセロ\オセロオブジェクト">
      <UniqueIdentifier>{79956f4e-cf76-46fd-b05c-206ca23fe7e6}</UniqueIdentifier>
    </Filter>
    <Filter Include="オブジェクト\オセロ\セル">
      <UniqueIdentifier>{11801223-e025-419d-abff-3eb9dadc5e42}</UniqueIdentifier>
    </Filter>
    <Filter Include="オブジェクト\オセロ\セル\オブジェクト">
      <UniqueIdentifier>{381c6432-de06-4f00-b646-4b0b10159c94}</UniqueIdentifier>
    </Filter>
    <Filter Include="オブジェクト\オセロ\セル\マネージャ">
      <UniqueIdentifier>{7712852e-f361-4120-8db4-67b4e27a5291}</UniqueIdentifier>
    </Filter>
    <Filter Include="オブジェクト\オセロ\ボード">
      <UniqueIdentifier>{e4a75a79-cb9b-4022-934f-553e0f738ae8}</UniqueIdentifier>
    </Filter>
  </ItemGroup>
  <ItemGroup>
    <Text Include="ReadMe.txt" />
  </ItemGroup>
  <ItemGroup>
    <ClInclude Include="stdafx.h">
      <Filter>ヘッダー ファイル</Filter>
    </ClInclude>
    <ClInclude Include="targetver.h">
      <Filter>ヘッダー ファイル</Filter>
    </ClInclude>
    <ClInclude Include="Resource.h">
      <Filter>ヘッダー ファイル</Filter>
    </ClInclude>
    <ClInclude Include="Osero.h">
      <Filter>ヘッダー ファイル</Filter>
    </ClInclude>
    <ClInclude Include="ObjectIF.h">
      <Filter>オブジェクト</Filter>
    </ClInclude>
    <ClInclude Include="RateClass.h">
      <Filter>オブジェクト</Filter>
    </ClInclude>
    <ClInclude Include="Test.h">
      <Filter>ヘッダー ファイル</Filter>
    </ClInclude>
    <ClInclude Include="BaseObject.h">
      <Filter>オブジェクト\BaseObject</Filter>
    </ClInclude>
    <ClInclude Include="BackGroundClass.h">
      <Filter>オブジェクト\Object</Filter>
    </ClInclude>
    <ClInclude Include="Object.h">
      <Filter>オブジェクト\Object</Filter>
    </ClInclude>
    <ClInclude Include="ObjectMGR.h">
      <Filter>オブジェクト\MGR</Filter>
    </ClInclude>
    <ClInclude Include="OseloObject.h">
      <Filter>オブジェクト\オセロ\オセロオブジェクト</Filter>
    </ClInclude>
    <ClInclude Include="CellClass.h">
      <Filter>オブジェクト\オセロ\セル\オブジェクト</Filter>
    </ClInclude>
    <ClInclude Include="CellMGR.h">
      <Filter>オブジェクト\オセロ\セル\マネージャ</Filter>
    </ClInclude>
    <ClInclude Include="BoardInfo.h">
      <Filter>オブジェクト\オセロ\ボード</Filter>
    </ClInclude>
  </ItemGroup>
  <ItemGroup>
    <ClCompile Include="stdafx.cpp">
      <Filter>ソース ファイル</Filter>
    </ClCompile>
    <ClCompile Include="Osero.cpp">
      <Filter>ソース ファイル</Filter>
    </ClCompile>
    <ClCompile Include="BaseObject.cpp">
      <Filter>オブジェクト\BaseObject</Filter>
    </ClCompile>
    <ClCompile Include="Object.cpp">
      <Filter>オブジェクト\Object</Filter>
    </ClCompile>
    <ClCompile Include="ObjectMGR.cpp">
      <Filter>オブジェクト\MGR</Filter>
    </ClCompile>
    <ClCompile Include="OseloObject.cpp">
      <Filter>オブジェクト\オセロ\オセロオブジェクト</Filter>
    </ClCompile>
    <ClCompile Include="CellClass.cpp">
      <Filter>オブジェクト\オセロ\セル\オブジェクト</Filter>
    </ClCompile>
    <ClCompile Include="CellMGR.cpp">
      <Filter>オブジェクト\オセロ\セル\マネージャ</Filter>
    </ClCompile>
    <ClCompile Include="CellPut.cpp">
      <Filter>オブジェクト\オセロ\セル\マネージャ</Filter>
    </ClCompile>
  </ItemGroup>
  <ItemGroup>
    <ResourceCompile Include="Osero.rc">
      <Filter>リソース ファイル</Filter>
    </ResourceCompile>
  </ItemGroup>
  <ItemGroup>
    <Image Include="small.ico">
      <Filter>リソース ファイル</Filter>
    </Image>
    <Image Include="Osero.ico">
      <Filter>リソース ファイル</Filter>
    </Image>
    <Image Include="figure\black.png">
      <Filter>画像</Filter>
    </Image>
    <Image Include="figure\board.png">
      <Filter>画像</Filter>
    </Image>
    <Image Include="figure\Kao.bmp">
      <Filter>画像</Filter>
    </Image>
    <Image Include="figure\KurumiErika.jpg">
      <Filter>画像</Filter>
    </Image>
    <Image Include="figure\white.png">
      <Filter>画像</Filter>
    </Image>
  </ItemGroup>
  <ItemGroup>
    <None Include="DxLibProperty.props" />
    <None Include="ClassDiagram.cd" />
  </ItemGroup>
</Project>